// !$*UTF8*$!
{
	archiveVersion = 1;
	classes = {
	};
	objectVersion = 48;
	objects = {

/* Begin PBXBuildFile section */
		1FD55A5C1FD3E35200C5DBB4 /* AppDelegate.swift in Sources */ = {isa = PBXBuildFile; fileRef = 1FD55A5B1FD3E35200C5DBB4 /* AppDelegate.swift */; };
		1FD55A5E1FD3E35200C5DBB4 /* ViewController.swift in Sources */ = {isa = PBXBuildFile; fileRef = 1FD55A5D1FD3E35200C5DBB4 /* ViewController.swift */; };
		1FD55A611FD3E35200C5DBB4 /* Main.storyboard in Resources */ = {isa = PBXBuildFile; fileRef = 1FD55A5F1FD3E35200C5DBB4 /* Main.storyboard */; };
		1FD55A631FD3E35200C5DBB4 /* Assets.xcassets in Resources */ = {isa = PBXBuildFile; fileRef = 1FD55A621FD3E35200C5DBB4 /* Assets.xcassets */; };
		1FD55A661FD3E35200C5DBB4 /* LaunchScreen.storyboard in Resources */ = {isa = PBXBuildFile; fileRef = 1FD55A641FD3E35200C5DBB4 /* LaunchScreen.storyboard */; };
		1FD55A6E1FD3E56E00C5DBB4 /* SegmentControlView.swift in Sources */ = {isa = PBXBuildFile; fileRef = 1FD55A6D1FD3E56E00C5DBB4 /* SegmentControlView.swift */; };
/* End PBXBuildFile section */

/* Begin PBXFileReference section */
		1FD55A581FD3E35200C5DBB4 /* SegmentControl.app */ = {isa = PBXFileReference; explicitFileType = wrapper.application; includeInIndex = 0; path = SegmentControl.app; sourceTree = BUILT_PRODUCTS_DIR; };
		1FD55A5B1FD3E35200C5DBB4 /* AppDelegate.swift */ = {isa = PBXFileReference; lastKnownFileType = sourcecode.swift; path = AppDelegate.swift; sourceTree = "<group>"; };
		1FD55A5D1FD3E35200C5DBB4 /* ViewController.swift */ = {isa = PBXFileReference; lastKnownFileType = sourcecode.swift; path = ViewController.swift; sourceTree = "<group>"; };
		1FD55A601FD3E35200C5DBB4 /* Base */ = {isa = PBXFileReference; lastKnownFileType = file.storyboard; name = Base; path = Base.lproj/Main.storyboard; sourceTree = "<group>"; };
		1FD55A621FD3E35200C5DBB4 /* Assets.xcassets */ = {isa = PBXFileReference; lastKnownFileType = folder.assetcatalog; path = Assets.xcassets; sourceTree = "<group>"; };
		1FD55A651FD3E35200C5DBB4 /* Base */ = {isa = PBXFileReference; lastKnownFileType = file.storyboard; name = Base; path = Base.lproj/LaunchScreen.storyboard; sourceTree = "<group>"; };
		1FD55A671FD3E35200C5DBB4 /* Info.plist */ = {isa = PBXFileReference; lastKnownFileType = text.plist.xml; path = Info.plist; sourceTree = "<group>"; };
		1FD55A6D1FD3E56E00C5DBB4 /* SegmentControlView.swift */ = {isa = PBXFileReference; lastKnownFileType = sourcecode.swift; path = SegmentControlView.swift; sourceTree = "<group>"; };
/* End PBXFileReference section */

/* Begin PBXFrameworksBuildPhase section */
		1FD55A551FD3E35200C5DBB4 /* Frameworks */ = {
			isa = PBXFrameworksBuildPhase;
			buildActionMask = 2147483647;
			files = (
			);
			runOnlyForDeploymentPostprocessing = 0;
		};
/* End PBXFrameworksBuildPhase section */

/* Begin PBXGroup section */
		1FD55A4F1FD3E35200C5DBB4 = {
			isa = PBXGroup;
			children = (
				1FD55A5A1FD3E35200C5DBB4 /* SegmentControl */,
				1FD55A591FD3E35200C5DBB4 /* Products */,
			);
			sourceTree = "<group>";
		};
		1FD55A591FD3E35200C5DBB4 /* Products */ = {
			isa = PBXGroup;
			children = (
				1FD55A581FD3E35200C5DBB4 /* SegmentControl.app */,
			);
			name = Products;
			sourceTree = "<group>";
		};
		1FD55A5A1FD3E35200C5DBB4 /* SegmentControl */ = {
			isa = PBXGroup;
			children = (
				1FD55A5B1FD3E35200C5DBB4 /* AppDelegate.swift */,
				1FD55A5D1FD3E35200C5DBB4 /* ViewController.swift */,
				1FD55A5F1FD3E35200C5DBB4 /* Main.storyboard */,
				1FD55A621FD3E35200C5DBB4 /* Assets.xcassets */,
				1FD55A641FD3E35200C5DBB4 /* LaunchScreen.storyboard */,
				1FD55A671FD3E35200C5DBB4 /* Info.plist */,
				1FD55A6D1FD3E56E00C5DBB4 /* SegmentControlView.swift */,
			);
			path = SegmentControl;
			sourceTree = "<group>";
		};
/* End PBXGroup section */

/* Begin PBXNativeTarget section */
		1FD55A571FD3E35200C5DBB4 /* SegmentControl */ = {
			isa = PBXNativeTarget;
			buildConfigurationList = 1FD55A6A1FD3E35200C5DBB4 /* Build configuration list for PBXNativeTarget "SegmentControl" */;
			buildPhases = (
				1FD55A541FD3E35200C5DBB4 /* Sources */,
				1FD55A551FD3E35200C5DBB4 /* Frameworks */,
				1FD55A561FD3E35200C5DBB4 /* Resources */,
			);
			buildRules = (
			);
			dependencies = (
			);
			name = SegmentControl;
			productName = SegmentControl;
			productReference = 1FD55A581FD3E35200C5DBB4 /* SegmentControl.app */;
			productType = "com.apple.product-type.application";
		};
/* End PBXNativeTarget section */

/* Begin PBXProject section */
		1FD55A501FD3E35200C5DBB4 /* Project object */ = {
			isa = PBXProject;
			attributes = {
				LastSwiftUpdateCheck = 0910;
				LastUpgradeCheck = 0910;
				ORGANIZATIONNAME = "Petar Ivanov";
				TargetAttributes = {
					1FD55A571FD3E35200C5DBB4 = {
						CreatedOnToolsVersion = 9.1;
						ProvisioningStyle = Automatic;
					};
				};
			};
			buildConfigurationList = 1FD55A531FD3E35200C5DBB4 /* Build configuration list for PBXProject "SegmentControl" */;
			compatibilityVersion = "Xcode 8.0";
			developmentRegion = en;
			hasScannedForEncodings = 0;
			knownRegions = (
				en,
				Base,
			);
			mainGroup = 1FD55A4F1FD3E35200C5DBB4;
			productRefGroup = 1FD55A591FD3E35200C5DBB4 /* Products */;
			projectDirPath = "";
			projectRoot = "";
			targets = (
				1FD55A571FD3E35200C5DBB4 /* SegmentControl */,
			);
		};
/* End PBXProject section */

/* Begin PBXResourcesBuildPhase section */
		1FD55A561FD3E35200C5DBB4 /* Resources */ = {
			isa = PBXResourcesBuildPhase;
			buildActionMask = 2147483647;
			files = (
				1FD55A661FD3E35200C5DBB4 /* LaunchScreen.storyboard in Resources */,
				1FD55A631FD3E35200C5DBB4 /* Assets.xcassets in Resources */,
				1FD55A611FD3E35200C5DBB4 /* Main.storyboard in Resources */,
			);
			runOnlyForDeploymentPostprocessing = 0;
		};
/* End PBXResourcesBuildPhase section */

/* Begin PBXSourcesBuildPhase section */
		1FD55A541FD3E35200C5DBB4 /* Sources */ = {
			isa = PBXSourcesBuildPhase;
			buildActionMask = 2147483647;
			files = (
				1FD55A5E1FD3E35200C5DBB4 /* ViewController.swift in Sources */,
				1FD55A5C1FD3E35200C5DBB4 /* AppDelegate.swift in Sources */,
				1FD55A6E1FD3E56E00C5DBB4 /* SegmentControlView.swift in Sources */,
			);
			runOnlyForDeploymentPostprocessing = 0;
		};
/* End PBXSourcesBuildPhase section */

/* Begin PBXVariantGroup section */
		1FD55A5F1FD3E35200C5DBB4 /* Main.storyboard */ = {
			isa = PBXVariantGroup;
			children = (
				1FD55A601FD3E35200C5DBB4 /* Base */,
			);
			name = Main.storyboard;
			sourceTree = "<group>";
		};
		1FD55A641FD3E35200C5DBB4 /* LaunchScreen.storyboard */ = {
			isa = PBXVariantGroup;
			children = (
				1FD55A651FD3E35200C5DBB4 /* Base */,
			);
			name = LaunchScreen.storyboard;
			sourceTree = "<group>";
		};
/* End PBXVariantGroup section */

/* Begin XCBuildConfiguration section */
		1FD55A681FD3E35200C5DBB4 /* Debug */ = {
			isa = XCBuildConfiguration;
			buildSettings = {
				ALWAYS_SEARCH_USER_PATHS = NO;
				CLANG_ANALYZER_NONNULL = YES;
				CLANG_ANALYZER_NUMBER_OBJECT_CONVERSION = YES_AGGRESSIVE;
				CLANG_CXX_LANGUAGE_STANDARD = "gnu++14";
				CLANG_CXX_LIBRARY = "libc++";
				CLANG_ENABLE_MODULES = YES;
				CLANG_ENABLE_OBJC_ARC = YES;
				CLANG_WARN_BLOCK_CAPTURE_AUTORELEASING = YES;
				CLANG_WARN_BOOL_CONVERSION = YES;
				CLANG_WARN_COMMA = YES;
				CLANG_WARN_CONSTANT_CONVERSION = YES;
				CLANG_WARN_DIRECT_OBJC_ISA_USAGE = YES_ERROR;
				CLANG_WARN_DOCUMENTATION_COMMENTS = YES;
				CLANG_WARN_EMPTY_BODY = YES;
				CLANG_WARN_ENUM_CONVERSION = YES;
				CLANG_WARN_INFINITE_RECURSION = YES;
				CLANG_WARN_INT_CONVERSION = YES;
				CLANG_WARN_NON_LITERAL_NULL_CONVERSION = YES;
				CLANG_WARN_OBJC_LITERAL_CONVERSION = YES;
				CLANG_WARN_OBJC_ROOT_CLASS = YES_ERROR;
				CLANG_WARN_RANGE_LOOP_ANALYSIS = YES;
				CLANG_WARN_STRICT_PROTOTYPES = YES;
				CLANG_WARN_SUSPICIOUS_MOVE = YES;
				CLANG_WARN_UNGUARDED_AVAILABILITY = YES_AGGRESSIVE;
				CLANG_WARN_UNREACHABLE_CODE = YES;
				CLANG_WARN__DUPLICATE_METHOD_MATCH = YES;
				CODE_SIGN_IDENTITY = "iPhone Developer";
				COPY_PHASE_STRIP = NO;
				DEBUG_INFORMATION_FORMAT = dwarf;
				ENABLE_STRICT_OBJC_MSGSEND = YES;
				ENABLE_TESTABILITY = YES;
				GCC_C_LANGUAGE_STANDARD = gnu11;
				GCC_DYNAMIC_NO_PIC = NO;
				GCC_NO_COMMON_BLOCKS = YES;
				GCC_OPTIMIZATION_LEVEL = 0;
				GCC_PREPROCESSOR_DEFINITIONS = (
					"DEBUG=1",
					"$(inherited)",
				);
				GCC_WARN_64_TO_32_BIT_CONVERSION = YES;
				GCC_WARN_ABOUT_RETURN_TYPE = YES_ERROR;
				GCC_WARN_UNDECLARED_SELECTOR = YES;
				GCC_WARN_UNINITIALIZED_AUTOS = YES_AGGRESSIVE;
				GCC_WARN_UNUSED_FUNCTION = YES;
				GCC_WARN_UNUSED_VARIABLE = YES;
				IPHONEOS_DEPLOYMENT_TARGET = 11.1;
				MTL_ENABLE_DEBUG_INFO = YES;
				ONLY_ACTIVE_ARCH = YES;
				SDKROOT = iphoneos;
				SWIFT_ACTIVE_COMPILATION_CONDITIONS = DEBUG;
				SWIFT_OPTIMIZATION_LEVEL = "-Onone";
			};
			name = Debug;
		};
		1FD55A691FD3E35200C5DBB4 /* Release */ = {
			isa = XCBuildConfiguration;
			buildSettings = {
				ALWAYS_SEARCH_USER_PATHS = NO;
				CLANG_ANALYZER_NONNULL = YES;
				CLANG_ANALYZER_NUMBER_OBJECT_CONVERSION = YES_AGGRESSIVE;
				CLANG_CXX_LANGUAGE_STANDARD = "gnu++14";
				CLANG_CXX_LIBRARY = "libc++";
				CLANG_ENABLE_MODULES = YES;
				CLANG_ENABLE_OBJC_ARC = YES;
				CLANG_WARN_BLOCK_CAPTURE_AUTORELEASING = YES;
				CLANG_WARN_BOOL_CONVERSION = YES;
				CLANG_WARN_COMMA = YES;
				CLANG_WARN_CONSTANT_CONVERSION = YES;
				CLANG_WARN_DIRECT_OBJC_ISA_USAGE = YES_ERROR;
				CLANG_WARN_DOCUMENTATION_COMMENTS = YES;
				CLANG_WARN_EMPTY_BODY = YES;
				CLANG_WARN_ENUM_CONVERSION = YES;
				CLANG_WARN_INFINITE_RECURSION = YES;
				CLANG_WARN_INT_CONVERSION = YES;
				CLANG_WARN_NON_LITERAL_NULL_CONVERSION = YES;
				CLANG_WARN_OBJC_LITERAL_CONVERSION = YES;
				CLANG_WARN_OBJC_ROOT_CLASS = YES_ERROR;
				CLANG_WARN_RANGE_LOOP_ANALYSIS = YES;
				CLANG_WARN_STRICT_PROTOTYPES = YES;
				CLANG_WARN_SUSPICIOUS_MOVE = YES;
				CLANG_WARN_UNGUARDED_AVAILABILITY = YES_AGGRESSIVE;
				CLANG_WARN_UNREACHABLE_CODE = YES;
				CLANG_WARN__DUPLICATE_METHOD_MATCH = YES;
				CODE_SIGN_IDENTITY = "iPhone Developer";
				COPY_PHASE_STRIP = NO;
				DEBUG_INFORMATION_FORMAT = "dwarf-with-dsym";
				ENABLE_NS_ASSERTIONS = NO;
				ENABLE_STRICT_OBJC_MSGSEND = YES;
				GCC_C_LANGUAGE_STANDARD = gnu11;
				GCC_NO_COMMON_BLOCKS = YES;
				GCC_WARN_64_TO_32_BIT_CONVERSION = YES;
				GCC_WARN_ABOUT_RETURN_TYPE = YES_ERROR;
				GCC_WARN_UNDECLARED_SELECTOR = YES;
				GCC_WARN_UNINITIALIZED_AUTOS = YES_AGGRESSIVE;
				GCC_WARN_UNUSED_FUNCTION = YES;
				GCC_WARN_UNUSED_VARIABLE = YES;
				IPHONEOS_DEPLOYMENT_TARGET = 11.1;
				MTL_ENABLE_DEBUG_INFO = NO;
				SDKROOT = iphoneos;
				SWIFT_OPTIMIZATION_LEVEL = "-Owholemodule";
				VALIDATE_PRODUCT = YES;
			};
			name = Release;
		};
		1FD55A6B1FD3E35200C5DBB4 /* Debug */ = {
			isa = XCBuildConfiguration;
			buildSettings = {
				ASSETCATALOG_COMPILER_APPICON_NAME = AppIcon;
				CODE_SIGN_STYLE = Automatic;
				DEVELOPMENT_TEAM = EJFGUPBBHG;
				INFOPLIST_FILE = SegmentControl/Info.plist;
				LD_RUNPATH_SEARCH_PATHS = "$(inherited) @executable_path/Frameworks";
				PRODUCT_BUNDLE_IDENTIFIER = "bg.sofia-uni.fmi.SegmentControl";
				PRODUCT_NAME = "$(TARGET_NAME)";
				SWIFT_VERSION = 4.0;
				TARGETED_DEVICE_FAMILY = "1,2";
			};
			name = Debug;
		};
		1FD55A6C1FD3E35200C5DBB4 /* Release */ = {
			isa = XCBuildConfiguration;
			buildSettings = {
				ASSETCATALOG_COMPILER_APPICON_NAME = AppIcon;
				CODE_SIGN_STYLE = Automatic;
				DEVELOPMENT_TEAM = EJFGUPBBHG;
				INFOPLIST_FILE = SegmentControl/Info.plist;
				LD_RUNPATH_SEARCH_PATHS = "$(inherited) @executable_path/Frameworks";
				PRODUCT_BUNDLE_IDENTIFIER = "bg.sofia-uni.fmi.SegmentControl";
				PRODUCT_NAME = "$(TARGET_NAME)";
				SWIFT_VERSION = 4.0;
				TARGETED_DEVICE_FAMILY = "1,2";
			};
			name = Release;
		};
/* End XCBuildConfiguration section */

/* Begin XCConfigurationList section */
		1FD55A531FD3E35200C5DBB4 /* Build configuration list for PBXProject "SegmentControl" */ = {
			isa = XCConfigurationList;
			buildConfigurations = (
				1FD55A681FD3E35200C5DBB4 /* Debug */,
				1FD55A691FD3E35200C5DBB4 /* Release */,
			);
			defaultConfigurationIsVisible = 0;
			defaultConfigurationName = Release;
		};
		1FD55A6A1FD3E35200C5DBB4 /* Build configuration list for PBXNativeTarget "SegmentControl" */ = {
			isa = XCConfigurationList;
			buildConfigurations = (
				1FD55A6B1FD3E35200C5DBB4 /* Debug */,
				1FD55A6C1FD3E35200C5DBB4 /* Release */,
			);
			defaultConfigurationIsVisible = 0;
			defaultConfigurationName = Release;
		};
/* End XCConfigurationList section */
	};
	rootObject = 1FD55A501FD3E35200C5DBB4 /* Project object */;
}
